
Microsoft Visual Studio Solution File, Format Version 12.00
# Visual Studio Version 17
VisualStudioVersion = 17.0.31903.59
MinimumVisualStudioVersion = 10.0.40219.1
Project("{9A19103F-16F7-4668-BE54-9A1E7A4F7556}") = "FluentRequests", "FluentRequests\FluentRequests.csproj", "{A325B351-00B6-4EC4-8D63-BBF774F23C8F}"
EndProject
Project("{2150E333-8FDC-42A3-9474-1A3956D46DE8}") = "Test", "Test", "{77E6FE7B-9FC8-4750-ACA5-2DE0875FB8B4}"
EndProject
Project("{9A19103F-16F7-4668-BE54-9A1E7A4F7556}") = "FluentRequests.Test", "FluentRequests.Test\FluentRequests.Test.csproj", "{BDC5B6F7-9A06-46D0-9479-6E2FD7AA2EC1}"
EndProject
Project("{9A19103F-16F7-4668-BE54-9A1E7A4F7556}") = "FluentRequests.Test.Mock", "FluentRequests.Test.Mock\FluentRequests.Test.Mock.csproj", "{7E6C4672-37DC-40F3-80EC-B062E5644456}"
EndProject
Project("{2150E333-8FDC-42A3-9474-1A3956D46DE8}") = "Solution Items", "Solution Items", "{8DCADB82-C3C7-457C-991B-63651EE4651F}"
	ProjectSection(SolutionItems) = preProject
		README.md = README.md
	EndProjectSection
EndProject
Project("{2150E333-8FDC-42A3-9474-1A3956D46DE8}") = "Examples", "Examples", "{285F20C3-411C-4DBF-AF94-3540C95B4D14}"
EndProject
Project("{2150E333-8FDC-42A3-9474-1A3956D46DE8}") = "MicroServices", "MicroServices", "{317C2A49-FF86-4080-B20C-A440FF2D9C3E}"
EndProject
Project("{9A19103F-16F7-4668-BE54-9A1E7A4F7556}") = "MicroServices.Products", "Examples\MicroServices\MicroServices.Products\MicroServices.Products.csproj", "{A42D99C7-A32F-486D-BE5B-3DDFCB280045}"
EndProject
Project("{9A19103F-16F7-4668-BE54-9A1E7A4F7556}") = "Examples.PokeAPIClient", "Examples\Examples.PokeAPIClient\Examples.PokeAPIClient.csproj", "{15E54774-9859-4726-A0FD-C92E39063406}"
EndProject
Global
	GlobalSection(SolutionConfigurationPlatforms) = preSolution
		Debug|Any CPU = Debug|Any CPU
		Release|Any CPU = Release|Any CPU
	EndGlobalSection
	GlobalSection(ProjectConfigurationPlatforms) = postSolution
		{A325B351-00B6-4EC4-8D63-BBF774F23C8F}.Debug|Any CPU.ActiveCfg = Debug|Any CPU
		{A325B351-00B6-4EC4-8D63-BBF774F23C8F}.Debug|Any CPU.Build.0 = Debug|Any CPU
		{A325B351-00B6-4EC4-8D63-BBF774F23C8F}.Release|Any CPU.ActiveCfg = Release|Any CPU
		{A325B351-00B6-4EC4-8D63-BBF774F23C8F}.Release|Any CPU.Build.0 = Release|Any CPU
		{BDC5B6F7-9A06-46D0-9479-6E2FD7AA2EC1}.Debug|Any CPU.ActiveCfg = Debug|Any CPU
		{BDC5B6F7-9A06-46D0-9479-6E2FD7AA2EC1}.Debug|Any CPU.Build.0 = Debug|Any CPU
		{BDC5B6F7-9A06-46D0-9479-6E2FD7AA2EC1}.Release|Any CPU.ActiveCfg = Release|Any CPU
		{BDC5B6F7-9A06-46D0-9479-6E2FD7AA2EC1}.Release|Any CPU.Build.0 = Release|Any CPU
		{7E6C4672-37DC-40F3-80EC-B062E5644456}.Debug|Any CPU.ActiveCfg = Debug|Any CPU
		{7E6C4672-37DC-40F3-80EC-B062E5644456}.Debug|Any CPU.Build.0 = Debug|Any CPU
		{7E6C4672-37DC-40F3-80EC-B062E5644456}.Release|Any CPU.ActiveCfg = Release|Any CPU
		{7E6C4672-37DC-40F3-80EC-B062E5644456}.Release|Any CPU.Build.0 = Release|Any CPU
		{A42D99C7-A32F-486D-BE5B-3DDFCB280045}.Debug|Any CPU.ActiveCfg = Debug|Any CPU
		{A42D99C7-A32F-486D-BE5B-3DDFCB280045}.Debug|Any CPU.Build.0 = Debug|Any CPU
		{A42D99C7-A32F-486D-BE5B-3DDFCB280045}.Release|Any CPU.ActiveCfg = Release|Any CPU
		{A42D99C7-A32F-486D-BE5B-3DDFCB280045}.Release|Any CPU.Build.0 = Release|Any CPU
		{15E54774-9859-4726-A0FD-C92E39063406}.Debug|Any CPU.ActiveCfg = Debug|Any CPU
		{15E54774-9859-4726-A0FD-C92E39063406}.Debug|Any CPU.Build.0 = Debug|Any CPU
		{15E54774-9859-4726-A0FD-C92E39063406}.Release|Any CPU.ActiveCfg = Release|Any CPU
		{15E54774-9859-4726-A0FD-C92E39063406}.Release|Any CPU.Build.0 = Release|Any CPU
	EndGlobalSection
	GlobalSection(SolutionProperties) = preSolution
		HideSolutionNode = FALSE
	EndGlobalSection
	GlobalSection(NestedProjects) = preSolution
		{BDC5B6F7-9A06-46D0-9479-6E2FD7AA2EC1} = {77E6FE7B-9FC8-4750-ACA5-2DE0875FB8B4}
		{7E6C4672-37DC-40F3-80EC-B062E5644456} = {77E6FE7B-9FC8-4750-ACA5-2DE0875FB8B4}
		{317C2A49-FF86-4080-B20C-A440FF2D9C3E} = {285F20C3-411C-4DBF-AF94-3540C95B4D14}
		{A42D99C7-A32F-486D-BE5B-3DDFCB280045} = {317C2A49-FF86-4080-B20C-A440FF2D9C3E}
		{15E54774-9859-4726-A0FD-C92E39063406} = {285F20C3-411C-4DBF-AF94-3540C95B4D14}
	EndGlobalSection
	GlobalSection(ExtensibilityGlobals) = postSolution
		SolutionGuid = {D6B1C149-789B-4941-BCA6-8BA8F77F1FB4}
	EndGlobalSection
EndGlobal
